
Microsoft Visual Studio Solution File, Format Version 12.00
Project("{FAE04EC0-301F-11D3-BF4B-00C04F79EFBC}") = "EventSourcing", "EventSourcing\EventSourcing.csproj", "{75E12558-6D61-4736-8B47-520093EF2207}"
EndProject
Project("{FAE04EC0-301F-11D3-BF4B-00C04F79EFBC}") = "DocumentStorage", "DocumentStorage\DocumentStorage.csproj", "{33CE1D38-A23B-42B9-B46F-D57F5EFEC8C1}"
EndProject
Global
	GlobalSection(SolutionConfigurationPlatforms) = preSolution
		Debug|Any CPU = Debug|Any CPU
		Release|Any CPU = Release|Any CPU
	EndGlobalSection
	GlobalSection(ProjectConfigurationPlatforms) = postSolution
		{75E12558-6D61-4736-8B47-520093EF2207}.Debug|Any CPU.ActiveCfg = Debug|Any CPU
		{75E12558-6D61-4736-8B47-520093EF2207}.Debug|Any CPU.Build.0 = Debug|Any CPU
		{75E12558-6D61-4736-8B47-520093EF2207}.Release|Any CPU.ActiveCfg = Release|Any CPU
		{75E12558-6D61-4736-8B47-520093EF2207}.Release|Any CPU.Build.0 = Release|Any CPU
		{33CE1D38-A23B-42B9-B46F-D57F5EFEC8C1}.Debug|Any CPU.ActiveCfg = Debug|Any CPU
		{33CE1D38-A23B-42B9-B46F-D57F5EFEC8C1}.Debug|Any CPU.Build.0 = Debug|Any CPU
		{33CE1D38-A23B-42B9-B46F-D57F5EFEC8C1}.Release|Any CPU.ActiveCfg = Release|Any CPU
		{33CE1D38-A23B-42B9-B46F-D57F5EFEC8C1}.Release|Any CPU.Build.0 = Release|Any CPU
	EndGlobalSection
EndGlobal
